
Microsoft Visual Studio Solution File, Format Version 12.00
# Visual Studio Version 17
VisualStudioVersion = 17.5.002.0
MinimumVisualStudioVersion = 10.0.40219.1
Project("{2150E333-8FDC-42A3-9474-1A3956D46DE8}") = "week01", "week01", "{970D7193-99FF-4769-9D4C-4D9EC58FFF7C}"
EndProject
Project("{9A19103F-16F7-4668-BE54-9A1E7A4F7556}") = "code", "week01\code\code.csproj", "{9BFE8879-E5F7-4DBE-9332-7C8AA9B3A78E}"
EndProject
Project("{9A19103F-16F7-4668-BE54-9A1E7A4F7556}") = "analyze", "week01\analyze\analyze.csproj", "{EF1CF9FE-B2FD-4F0F-AA87-F8172FFAA7AA}"
EndProject
Project("{9A19103F-16F7-4668-BE54-9A1E7A4F7556}") = "teach", "week01\teach\teach.csproj", "{983CBDC5-B9A9-4D82-94C4-32F3425E94F9}"
EndProject
Project("{2150E333-8FDC-42A3-9474-1A3956D46DE8}") = "week06", "week06", "{E24643E1-6417-41A8-B1F3-FA49550C820C}"
EndProject
Project("{9A19103F-16F7-4668-BE54-9A1E7A4F7556}") = "code", "week06\code\code.csproj", "{08DFF082-BBAE-4639-9EFC-95AD01DBD036}"
EndProject
Project("{2150E333-8FDC-42A3-9474-1A3956D46DE8}") = "sandbox", "sandbox", "{4011E94A-8409-426F-83B7-8552BDC67AC1}"
EndProject
Project("{9A19103F-16F7-4668-BE54-9A1E7A4F7556}") = "sandbox_project", "sandbox\sandbox_project\sandbox_project.csproj", "{35407833-268E-4BD5-A6BF-5EEE71128444}"
EndProject
Project("{2150E333-8FDC-42A3-9474-1A3956D46DE8}") = "week05", "week05", "{80C1826F-8C1E-49EE-84C7-DCF3F7CC88B1}"
EndProject
Project("{9A19103F-16F7-4668-BE54-9A1E7A4F7556}") = "code", "week05\code\code.csproj", "{6C604A00-5913-48F2-B68A-5C5D5DB90D0B}"
EndProject
Project("{2150E333-8FDC-42A3-9474-1A3956D46DE8}") = "week02", "week02", "{70333B57-55B3-4E98-82C7-4159390F3860}"
EndProject
Project("{9A19103F-16F7-4668-BE54-9A1E7A4F7556}") = "learn", "week02\learn\learn.csproj", "{2927841F-BCFE-4528-A11F-F3E539A67A02}"
EndProject
Project("{9A19103F-16F7-4668-BE54-9A1E7A4F7556}") = "code", "week02\code\code.csproj", "{BC6D1C98-E63D-42A2-8219-AC2D5E09F457}"
EndProject
Project("{9A19103F-16F7-4668-BE54-9A1E7A4F7556}") = "analyze", "week02\analyze\analyze.csproj", "{79B7F815-82C7-49D5-A6E6-A91A8ED7D588}"
EndProject
Project("{9A19103F-16F7-4668-BE54-9A1E7A4F7556}") = "teach", "week02\teach\teach.csproj", "{D78090BA-294C-413D-8D5D-381169706270}"
EndProject
Project("{2150E333-8FDC-42A3-9474-1A3956D46DE8}") = "week03", "week03", "{36C57A47-C8F1-42C4-A5EF-0172FFE44095}"
EndProject
Project("{9A19103F-16F7-4668-BE54-9A1E7A4F7556}") = "learn", "week03\learn\learn.csproj", "{9FA9A0E2-C4F5-43B6-898C-9031A94DD027}"
EndProject
Project("{9A19103F-16F7-4668-BE54-9A1E7A4F7556}") = "code", "week03\code\code.csproj", "{AB896785-BCFD-439C-AF2C-5EC0A40B455A}"
EndProject
Project("{9A19103F-16F7-4668-BE54-9A1E7A4F7556}") = "teach", "week03\teach\teach.csproj", "{55F395FD-85BD-4D5F-AAB4-CF2807B2B5E8}"
EndProject
Project("{2150E333-8FDC-42A3-9474-1A3956D46DE8}") = "week04", "week04", "{B921AD60-372B-425E-8B99-B5447B4E8EDC}"
EndProject
Project("{9A19103F-16F7-4668-BE54-9A1E7A4F7556}") = "code", "week04\code\code.csproj", "{3B11CDE8-EF28-48B8-AA64-F798D3A9D253}"
EndProject
Global
	GlobalSection(SolutionConfigurationPlatforms) = preSolution
		Debug|Any CPU = Debug|Any CPU
		Release|Any CPU = Release|Any CPU
	EndGlobalSection
	GlobalSection(ProjectConfigurationPlatforms) = postSolution
		{9BFE8879-E5F7-4DBE-9332-7C8AA9B3A78E}.Debug|Any CPU.ActiveCfg = Debug|Any CPU
		{9BFE8879-E5F7-4DBE-9332-7C8AA9B3A78E}.Debug|Any CPU.Build.0 = Debug|Any CPU
		{9BFE8879-E5F7-4DBE-9332-7C8AA9B3A78E}.Release|Any CPU.ActiveCfg = Release|Any CPU
		{9BFE8879-E5F7-4DBE-9332-7C8AA9B3A78E}.Release|Any CPU.Build.0 = Release|Any CPU
		{EF1CF9FE-B2FD-4F0F-AA87-F8172FFAA7AA}.Debug|Any CPU.ActiveCfg = Debug|Any CPU
		{EF1CF9FE-B2FD-4F0F-AA87-F8172FFAA7AA}.Debug|Any CPU.Build.0 = Debug|Any CPU
		{EF1CF9FE-B2FD-4F0F-AA87-F8172FFAA7AA}.Release|Any CPU.ActiveCfg = Release|Any CPU
		{EF1CF9FE-B2FD-4F0F-AA87-F8172FFAA7AA}.Release|Any CPU.Build.0 = Release|Any CPU
		{983CBDC5-B9A9-4D82-94C4-32F3425E94F9}.Debug|Any CPU.ActiveCfg = Debug|Any CPU
		{983CBDC5-B9A9-4D82-94C4-32F3425E94F9}.Debug|Any CPU.Build.0 = Debug|Any CPU
		{983CBDC5-B9A9-4D82-94C4-32F3425E94F9}.Release|Any CPU.ActiveCfg = Release|Any CPU
		{983CBDC5-B9A9-4D82-94C4-32F3425E94F9}.Release|Any CPU.Build.0 = Release|Any CPU
		{08DFF082-BBAE-4639-9EFC-95AD01DBD036}.Debug|Any CPU.ActiveCfg = Debug|Any CPU
		{08DFF082-BBAE-4639-9EFC-95AD01DBD036}.Debug|Any CPU.Build.0 = Debug|Any CPU
		{08DFF082-BBAE-4639-9EFC-95AD01DBD036}.Release|Any CPU.ActiveCfg = Release|Any CPU
		{08DFF082-BBAE-4639-9EFC-95AD01DBD036}.Release|Any CPU.Build.0 = Release|Any CPU
		{35407833-268E-4BD5-A6BF-5EEE71128444}.Debug|Any CPU.ActiveCfg = Debug|Any CPU
		{35407833-268E-4BD5-A6BF-5EEE71128444}.Debug|Any CPU.Build.0 = Debug|Any CPU
		{35407833-268E-4BD5-A6BF-5EEE71128444}.Release|Any CPU.ActiveCfg = Release|Any CPU
		{35407833-268E-4BD5-A6BF-5EEE71128444}.Release|Any CPU.Build.0 = Release|Any CPU
		{6C604A00-5913-48F2-B68A-5C5D5DB90D0B}.Debug|Any CPU.ActiveCfg = Debug|Any CPU
		{6C604A00-5913-48F2-B68A-5C5D5DB90D0B}.Debug|Any CPU.Build.0 = Debug|Any CPU
		{6C604A00-5913-48F2-B68A-5C5D5DB90D0B}.Release|Any CPU.ActiveCfg = Release|Any CPU
		{6C604A00-5913-48F2-B68A-5C5D5DB90D0B}.Release|Any CPU.Build.0 = Release|Any CPU
		{2927841F-BCFE-4528-A11F-F3E539A67A02}.Debug|Any CPU.ActiveCfg = Debug|Any CPU
		{2927841F-BCFE-4528-A11F-F3E539A67A02}.Debug|Any CPU.Build.0 = Debug|Any CPU
		{2927841F-BCFE-4528-A11F-F3E539A67A02}.Release|Any CPU.ActiveCfg = Release|Any CPU
		{2927841F-BCFE-4528-A11F-F3E539A67A02}.Release|Any CPU.Build.0 = Release|Any CPU
		{BC6D1C98-E63D-42A2-8219-AC2D5E09F457}.Debug|Any CPU.ActiveCfg = Debug|Any CPU
		{BC6D1C98-E63D-42A2-8219-AC2D5E09F457}.Debug|Any CPU.Build.0 = Debug|Any CPU
		{BC6D1C98-E63D-42A2-8219-AC2D5E09F457}.Release|Any CPU.ActiveCfg = Release|Any CPU
		{BC6D1C98-E63D-42A2-8219-AC2D5E09F457}.Release|Any CPU.Build.0 = Release|Any CPU
		{79B7F815-82C7-49D5-A6E6-A91A8ED7D588}.Debug|Any CPU.ActiveCfg = Debug|Any CPU
		{79B7F815-82C7-49D5-A6E6-A91A8ED7D588}.Debug|Any CPU.Build.0 = Debug|Any CPU
		{79B7F815-82C7-49D5-A6E6-A91A8ED7D588}.Release|Any CPU.ActiveCfg = Release|Any CPU
		{79B7F815-82C7-49D5-A6E6-A91A8ED7D588}.Release|Any CPU.Build.0 = Release|Any CPU
		{D78090BA-294C-413D-8D5D-381169706270}.Debug|Any CPU.ActiveCfg = Debug|Any CPU
		{D78090BA-294C-413D-8D5D-381169706270}.Debug|Any CPU.Build.0 = Debug|Any CPU
		{D78090BA-294C-413D-8D5D-381169706270}.Release|Any CPU.ActiveCfg = Release|Any CPU
		{D78090BA-294C-413D-8D5D-381169706270}.Release|Any CPU.Build.0 = Release|Any CPU
		{9FA9A0E2-C4F5-43B6-898C-9031A94DD027}.Debug|Any CPU.ActiveCfg = Debug|Any CPU
		{9FA9A0E2-C4F5-43B6-898C-9031A94DD027}.Debug|Any CPU.Build.0 = Debug|Any CPU
		{9FA9A0E2-C4F5-43B6-898C-9031A94DD027}.Release|Any CPU.ActiveCfg = Release|Any CPU
		{9FA9A0E2-C4F5-43B6-898C-9031A94DD027}.Release|Any CPU.Build.0 = Release|Any CPU
		{AB896785-BCFD-439C-AF2C-5EC0A40B455A}.Debug|Any CPU.ActiveCfg = Debug|Any CPU
		{AB896785-BCFD-439C-AF2C-5EC0A40B455A}.Debug|Any CPU.Build.0 = Debug|Any CPU
		{AB896785-BCFD-439C-AF2C-5EC0A40B455A}.Release|Any CPU.ActiveCfg = Release|Any CPU
		{AB896785-BCFD-439C-AF2C-5EC0A40B455A}.Release|Any CPU.Build.0 = Release|Any CPU
		{55F395FD-85BD-4D5F-AAB4-CF2807B2B5E8}.Debug|Any CPU.ActiveCfg = Debug|Any CPU
		{55F395FD-85BD-4D5F-AAB4-CF2807B2B5E8}.Debug|Any CPU.Build.0 = Debug|Any CPU
		{55F395FD-85BD-4D5F-AAB4-CF2807B2B5E8}.Release|Any CPU.ActiveCfg = Release|Any CPU
		{55F395FD-85BD-4D5F-AAB4-CF2807B2B5E8}.Release|Any CPU.Build.0 = Release|Any CPU
		{3B11CDE8-EF28-48B8-AA64-F798D3A9D253}.Debug|Any CPU.ActiveCfg = Debug|Any CPU
		{3B11CDE8-EF28-48B8-AA64-F798D3A9D253}.Debug|Any CPU.Build.0 = Debug|Any CPU
		{3B11CDE8-EF28-48B8-AA64-F798D3A9D253}.Release|Any CPU.ActiveCfg = Release|Any CPU
		{3B11CDE8-EF28-48B8-AA64-F798D3A9D253}.Release|Any CPU.Build.0 = Release|Any CPU
	EndGlobalSection
	GlobalSection(SolutionProperties) = preSolution
		HideSolutionNode = FALSE
	EndGlobalSection
	GlobalSection(NestedProjects) = preSolution
		{9BFE8879-E5F7-4DBE-9332-7C8AA9B3A78E} = {970D7193-99FF-4769-9D4C-4D9EC58FFF7C}
		{EF1CF9FE-B2FD-4F0F-AA87-F8172FFAA7AA} = {970D7193-99FF-4769-9D4C-4D9EC58FFF7C}
		{983CBDC5-B9A9-4D82-94C4-32F3425E94F9} = {970D7193-99FF-4769-9D4C-4D9EC58FFF7C}
		{08DFF082-BBAE-4639-9EFC-95AD01DBD036} = {E24643E1-6417-41A8-B1F3-FA49550C820C}
		{35407833-268E-4BD5-A6BF-5EEE71128444} = {4011E94A-8409-426F-83B7-8552BDC67AC1}
		{6C604A00-5913-48F2-B68A-5C5D5DB90D0B} = {80C1826F-8C1E-49EE-84C7-DCF3F7CC88B1}
		{2927841F-BCFE-4528-A11F-F3E539A67A02} = {70333B57-55B3-4E98-82C7-4159390F3860}
		{BC6D1C98-E63D-42A2-8219-AC2D5E09F457} = {70333B57-55B3-4E98-82C7-4159390F3860}
		{79B7F815-82C7-49D5-A6E6-A91A8ED7D588} = {70333B57-55B3-4E98-82C7-4159390F3860}
		{D78090BA-294C-413D-8D5D-381169706270} = {70333B57-55B3-4E98-82C7-4159390F3860}
		{9FA9A0E2-C4F5-43B6-898C-9031A94DD027} = {36C57A47-C8F1-42C4-A5EF-0172FFE44095}
		{AB896785-BCFD-439C-AF2C-5EC0A40B455A} = {36C57A47-C8F1-42C4-A5EF-0172FFE44095}
		{55F395FD-85BD-4D5F-AAB4-CF2807B2B5E8} = {36C57A47-C8F1-42C4-A5EF-0172FFE44095}
		{3B11CDE8-EF28-48B8-AA64-F798D3A9D253} = {B921AD60-372B-425E-8B99-B5447B4E8EDC}
	EndGlobalSection
	GlobalSection(ExtensibilityGlobals) = postSolution
		SolutionGuid = {16225C79-D359-430B-B267-E465E985F9FA}
	EndGlobalSection
EndGlobal
